
Microsoft Visual Studio Solution File, Format Version 12.00
# Visual Studio Version 16
VisualStudioVersion = 16.0.30517.126
MinimumVisualStudioVersion = 10.0.40219.1
Project("{FAE04EC0-301F-11D3-BF4B-00C04F79EFBC}") = "Valheim Diving Mod", "Valheim Diving Mod\Valheim Diving Mod.csproj", "{804BB563-0DB3-4566-8C3A-C9A5BDB58C3E}"
EndProject
Global
	GlobalSection(SolutionConfigurationPlatforms) = preSolution
		Debug|Any CPU = Debug|Any CPU
		Release|Any CPU = Release|Any CPU
	EndGlobalSection
	GlobalSection(ProjectConfigurationPlatforms) = postSolution
		{804BB563-0DB3-4566-8C3A-C9A5BDB58C3E}.Debug|Any CPU.ActiveCfg = Debug|Any CPU
		{804BB563-0DB3-4566-8C3A-C9A5BDB58C3E}.Debug|Any CPU.Build.0 = Debug|Any CPU
		{804BB563-0DB3-4566-8C3A-C9A5BDB58C3E}.Release|Any CPU.ActiveCfg = Release|Any CPU
		{804BB563-0DB3-4566-8C3A-C9A5BDB58C3E}.Release|Any CPU.Build.0 = Release|Any CPU
	EndGlobalSection
	GlobalSection(SolutionProperties) = preSolution
		HideSolutionNode = FALSE
	EndGlobalSection
	GlobalSection(ExtensibilityGlobals) = postSolution
		SolutionGuid = {9239A238-0395-43FC-A6B2-2242BC544F92}
	EndGlobalSection
EndGlobal
